
Microsoft Visual Studio Solution File, Format Version 12.00
# Visual Studio Version 16
VisualStudioVersion = 16.0.28803.352
MinimumVisualStudioVersion = 10.0.40219.1
Project("{FAE04EC0-301F-11D3-BF4B-00C04F79EFBC}") = "CloudTomato.UWP", "CloudTomato\CloudTomato.UWP\CloudTomato.UWP.csproj", "{DEB98C03-24C6-4842-9437-1FE4CC1A9469}"
EndProject
Project("{FAE04EC0-301F-11D3-BF4B-00C04F79EFBC}") = "CloudTomato.Android", "CloudTomato\CloudTomato.Android\CloudTomato.Android.csproj", "{9952D0FC-5CA6-4715-A7E6-9D1F1FC7F0E7}"
EndProject
Project("{FAE04EC0-301F-11D3-BF4B-00C04F79EFBC}") = "CloudTomato.iOS", "CloudTomato\CloudTomato.iOS\CloudTomato.iOS.csproj", "{644795C8-9CDE-476B-97F5-62B4E4CE9816}"
EndProject
Project("{FAE04EC0-301F-11D3-BF4B-00C04F79EFBC}") = "CloudTomato", "CloudTomato\CloudTomato\CloudTomato.csproj", "{231330DB-A22C-4820-AFF2-BEF31A52B80D}"
EndProject
Project("{2150E333-8FDC-42A3-9474-1A3956D46DE8}") = "Client", "Client", "{3C224A1E-2AC3-4639-AB1E-AB11BFC3264C}"
EndProject
Project("{FAE04EC0-301F-11D3-BF4B-00C04F79EFBC}") = "CloudTomato.CoreLogic", "CloudTomato.CoreLogic\CloudTomato.CoreLogic.csproj", "{71ED9285-0FA1-48DF-8CAB-EAC030CE4D0A}"
EndProject
Global
	GlobalSection(SolutionConfigurationPlatforms) = preSolution
		Debug|Any CPU = Debug|Any CPU
		Debug|ARM = Debug|ARM
		Debug|iPhone = Debug|iPhone
		Debug|iPhoneSimulator = Debug|iPhoneSimulator
		Debug|x64 = Debug|x64
		Debug|x86 = Debug|x86
		Release|Any CPU = Release|Any CPU
		Release|ARM = Release|ARM
		Release|iPhone = Release|iPhone
		Release|iPhoneSimulator = Release|iPhoneSimulator
		Release|x64 = Release|x64
		Release|x86 = Release|x86
	EndGlobalSection
	GlobalSection(ProjectConfigurationPlatforms) = postSolution
		{DEB98C03-24C6-4842-9437-1FE4CC1A9469}.Debug|Any CPU.ActiveCfg = Debug|x86
		{DEB98C03-24C6-4842-9437-1FE4CC1A9469}.Debug|Any CPU.Build.0 = Debug|x86
		{DEB98C03-24C6-4842-9437-1FE4CC1A9469}.Debug|Any CPU.Deploy.0 = Debug|x86
		{DEB98C03-24C6-4842-9437-1FE4CC1A9469}.Debug|ARM.ActiveCfg = Debug|ARM
		{DEB98C03-24C6-4842-9437-1FE4CC1A9469}.Debug|ARM.Build.0 = Debug|ARM
		{DEB98C03-24C6-4842-9437-1FE4CC1A9469}.Debug|ARM.Deploy.0 = Debug|ARM
		{DEB98C03-24C6-4842-9437-1FE4CC1A9469}.Debug|iPhone.ActiveCfg = Debug|x86
		{DEB98C03-24C6-4842-9437-1FE4CC1A9469}.Debug|iPhone.Build.0 = Debug|x86
		{DEB98C03-24C6-4842-9437-1FE4CC1A9469}.Debug|iPhone.Deploy.0 = Debug|x86
		{DEB98C03-24C6-4842-9437-1FE4CC1A9469}.Debug|iPhoneSimulator.ActiveCfg = Debug|x86
		{DEB98C03-24C6-4842-9437-1FE4CC1A9469}.Debug|iPhoneSimulator.Build.0 = Debug|x86
		{DEB98C03-24C6-4842-9437-1FE4CC1A9469}.Debug|iPhoneSimulator.Deploy.0 = Debug|x86
		{DEB98C03-24C6-4842-9437-1FE4CC1A9469}.Debug|x64.ActiveCfg = Debug|x64
		{DEB98C03-24C6-4842-9437-1FE4CC1A9469}.Debug|x64.Build.0 = Debug|x64
		{DEB98C03-24C6-4842-9437-1FE4CC1A9469}.Debug|x64.Deploy.0 = Debug|x64
		{DEB98C03-24C6-4842-9437-1FE4CC1A9469}.Debug|x86.ActiveCfg = Debug|x86
		{DEB98C03-24C6-4842-9437-1FE4CC1A9469}.Debug|x86.Build.0 = Debug|x86
		{DEB98C03-24C6-4842-9437-1FE4CC1A9469}.Debug|x86.Deploy.0 = Debug|x86
		{DEB98C03-24C6-4842-9437-1FE4CC1A9469}.Release|Any CPU.ActiveCfg = Release|x86
		{DEB98C03-24C6-4842-9437-1FE4CC1A9469}.Release|Any CPU.Build.0 = Release|x86
		{DEB98C03-24C6-4842-9437-1FE4CC1A9469}.Release|Any CPU.Deploy.0 = Release|x86
		{DEB98C03-24C6-4842-9437-1FE4CC1A9469}.Release|ARM.ActiveCfg = Release|ARM
		{DEB98C03-24C6-4842-9437-1FE4CC1A9469}.Release|ARM.Build.0 = Release|ARM
		{DEB98C03-24C6-4842-9437-1FE4CC1A9469}.Release|ARM.Deploy.0 = Release|ARM
		{DEB98C03-24C6-4842-9437-1FE4CC1A9469}.Release|iPhone.ActiveCfg = Release|x86
		{DEB98C03-24C6-4842-9437-1FE4CC1A9469}.Release|iPhone.Build.0 = Release|x86
		{DEB98C03-24C6-4842-9437-1FE4CC1A9469}.Release|iPhone.Deploy.0 = Release|x86
		{DEB98C03-24C6-4842-9437-1FE4CC1A9469}.Release|iPhoneSimulator.ActiveCfg = Release|x86
		{DEB98C03-24C6-4842-9437-1FE4CC1A9469}.Release|iPhoneSimulator.Build.0 = Release|x86
		{DEB98C03-24C6-4842-9437-1FE4CC1A9469}.Release|iPhoneSimulator.Deploy.0 = Release|x86
		{DEB98C03-24C6-4842-9437-1FE4CC1A9469}.Release|x64.ActiveCfg = Release|x64
		{DEB98C03-24C6-4842-9437-1FE4CC1A9469}.Release|x64.Build.0 = Release|x64
		{DEB98C03-24C6-4842-9437-1FE4CC1A9469}.Release|x64.Deploy.0 = Release|x64
		{DEB98C03-24C6-4842-9437-1FE4CC1A9469}.Release|x86.ActiveCfg = Release|x86
		{DEB98C03-24C6-4842-9437-1FE4CC1A9469}.Release|x86.Build.0 = Release|x86
		{DEB98C03-24C6-4842-9437-1FE4CC1A9469}.Release|x86.Deploy.0 = Release|x86
		{9952D0FC-5CA6-4715-A7E6-9D1F1FC7F0E7}.Debug|Any CPU.ActiveCfg = Debug|Any CPU
		{9952D0FC-5CA6-4715-A7E6-9D1F1FC7F0E7}.Debug|Any CPU.Build.0 = Debug|Any CPU
		{9952D0FC-5CA6-4715-A7E6-9D1F1FC7F0E7}.Debug|Any CPU.Deploy.0 = Debug|Any CPU
		{9952D0FC-5CA6-4715-A7E6-9D1F1FC7F0E7}.Debug|ARM.ActiveCfg = Debug|Any CPU
		{9952D0FC-5CA6-4715-A7E6-9D1F1FC7F0E7}.Debug|ARM.Build.0 = Debug|Any CPU
		{9952D0FC-5CA6-4715-A7E6-9D1F1FC7F0E7}.Debug|ARM.Deploy.0 = Debug|Any CPU
		{9952D0FC-5CA6-4715-A7E6-9D1F1FC7F0E7}.Debug|iPhone.ActiveCfg = Debug|Any CPU
		{9952D0FC-5CA6-4715-A7E6-9D1F1FC7F0E7}.Debug|iPhone.Build.0 = Debug|Any CPU
		{9952D0FC-5CA6-4715-A7E6-9D1F1FC7F0E7}.Debug|iPhone.Deploy.0 = Debug|Any CPU
		{9952D0FC-5CA6-4715-A7E6-9D1F1FC7F0E7}.Debug|iPhoneSimulator.ActiveCfg = Debug|Any CPU
		{9952D0FC-5CA6-4715-A7E6-9D1F1FC7F0E7}.Debug|iPhoneSimulator.Build.0 = Debug|Any CPU
		{9952D0FC-5CA6-4715-A7E6-9D1F1FC7F0E7}.Debug|iPhoneSimulator.Deploy.0 = Debug|Any CPU
		{9952D0FC-5CA6-4715-A7E6-9D1F1FC7F0E7}.Debug|x64.ActiveCfg = Debug|Any CPU
		{9952D0FC-5CA6-4715-A7E6-9D1F1FC7F0E7}.Debug|x64.Build.0 = Debug|Any CPU
		{9952D0FC-5CA6-4715-A7E6-9D1F1FC7F0E7}.Debug|x64.Deploy.0 = Debug|Any CPU
		{9952D0FC-5CA6-4715-A7E6-9D1F1FC7F0E7}.Debug|x86.ActiveCfg = Debug|Any CPU
		{9952D0FC-5CA6-4715-A7E6-9D1F1FC7F0E7}.Debug|x86.Build.0 = Debug|Any CPU
		{9952D0FC-5CA6-4715-A7E6-9D1F1FC7F0E7}.Debug|x86.Deploy.0 = Debug|Any CPU
		{9952D0FC-5CA6-4715-A7E6-9D1F1FC7F0E7}.Release|Any CPU.ActiveCfg = Release|Any CPU
		{9952D0FC-5CA6-4715-A7E6-9D1F1FC7F0E7}.Release|Any CPU.Build.0 = Release|Any CPU
		{9952D0FC-5CA6-4715-A7E6-9D1F1FC7F0E7}.Release|Any CPU.Deploy.0 = Release|Any CPU
		{9952D0FC-5CA6-4715-A7E6-9D1F1FC7F0E7}.Release|ARM.ActiveCfg = Release|Any CPU
		{9952D0FC-5CA6-4715-A7E6-9D1F1FC7F0E7}.Release|ARM.Build.0 = Release|Any CPU
		{9952D0FC-5CA6-4715-A7E6-9D1F1FC7F0E7}.Release|ARM.Deploy.0 = Release|Any CPU
		{9952D0FC-5CA6-4715-A7E6-9D1F1FC7F0E7}.Release|iPhone.ActiveCfg = Release|Any CPU
		{9952D0FC-5CA6-4715-A7E6-9D1F1FC7F0E7}.Release|iPhone.Build.0 = Release|Any CPU
		{9952D0FC-5CA6-4715-A7E6-9D1F1FC7F0E7}.Release|iPhone.Deploy.0 = Release|Any CPU
		{9952D0FC-5CA6-4715-A7E6-9D1F1FC7F0E7}.Release|iPhoneSimulator.ActiveCfg = Release|Any CPU
		{9952D0FC-5CA6-4715-A7E6-9D1F1FC7F0E7}.Release|iPhoneSimulator.Build.0 = Release|Any CPU
		{9952D0FC-5CA6-4715-A7E6-9D1F1FC7F0E7}.Release|iPhoneSimulator.Deploy.0 = Release|Any CPU
		{9952D0FC-5CA6-4715-A7E6-9D1F1FC7F0E7}.Release|x64.ActiveCfg = Release|Any CPU
		{9952D0FC-5CA6-4715-A7E6-9D1F1FC7F0E7}.Release|x64.Build.0 = Release|Any CPU
		{9952D0FC-5CA6-4715-A7E6-9D1F1FC7F0E7}.Release|x64.Deploy.0 = Release|Any CPU
		{9952D0FC-5CA6-4715-A7E6-9D1F1FC7F0E7}.Release|x86.ActiveCfg = Release|Any CPU
		{9952D0FC-5CA6-4715-A7E6-9D1F1FC7F0E7}.Release|x86.Build.0 = Release|Any CPU
		{9952D0FC-5CA6-4715-A7E6-9D1F1FC7F0E7}.Release|x86.Deploy.0 = Release|Any CPU
		{644795C8-9CDE-476B-97F5-62B4E4CE9816}.Debug|Any CPU.ActiveCfg = Debug|iPhone
		{644795C8-9CDE-476B-97F5-62B4E4CE9816}.Debug|Any CPU.Build.0 = Debug|iPhone
		{644795C8-9CDE-476B-97F5-62B4E4CE9816}.Debug|Any CPU.Deploy.0 = Debug|iPhone
		{644795C8-9CDE-476B-97F5-62B4E4CE9816}.Debug|ARM.ActiveCfg = Debug|iPhoneSimulator
		{644795C8-9CDE-476B-97F5-62B4E4CE9816}.Debug|ARM.Build.0 = Debug|iPhoneSimulator
		{644795C8-9CDE-476B-97F5-62B4E4CE9816}.Debug|ARM.Deploy.0 = Debug|iPhoneSimulator
		{644795C8-9CDE-476B-97F5-62B4E4CE9816}.Debug|iPhone.ActiveCfg = Debug|iPhone
		{644795C8-9CDE-476B-97F5-62B4E4CE9816}.Debug|iPhone.Build.0 = Debug|iPhone
		{644795C8-9CDE-476B-97F5-62B4E4CE9816}.Debug|iPhone.Deploy.0 = Debug|iPhone
		{644795C8-9CDE-476B-97F5-62B4E4CE9816}.Debug|iPhoneSimulator.ActiveCfg = Debug|iPhoneSimulator
		{644795C8-9CDE-476B-97F5-62B4E4CE9816}.Debug|iPhoneSimulator.Build.0 = Debug|iPhoneSimulator
		{644795C8-9CDE-476B-97F5-62B4E4CE9816}.Debug|iPhoneSimulator.Deploy.0 = Debug|iPhoneSimulator
		{644795C8-9CDE-476B-97F5-62B4E4CE9816}.Debug|x64.ActiveCfg = Debug|iPhone
		{644795C8-9CDE-476B-97F5-62B4E4CE9816}.Debug|x64.Build.0 = Debug|iPhone
		{644795C8-9CDE-476B-97F5-62B4E4CE9816}.Debug|x64.Deploy.0 = Debug|iPhone
		{644795C8-9CDE-476B-97F5-62B4E4CE9816}.Debug|x86.ActiveCfg = Debug|iPhone
		{644795C8-9CDE-476B-97F5-62B4E4CE9816}.Debug|x86.Build.0 = Debug|iPhone
		{644795C8-9CDE-476B-97F5-62B4E4CE9816}.Debug|x86.Deploy.0 = Debug|iPhone
		{644795C8-9CDE-476B-97F5-62B4E4CE9816}.Release|Any CPU.ActiveCfg = Release|iPhone
		{644795C8-9CDE-476B-97F5-62B4E4CE9816}.Release|Any CPU.Build.0 = Release|iPhone
		{644795C8-9CDE-476B-97F5-62B4E4CE9816}.Release|Any CPU.Deploy.0 = Release|iPhone
		{644795C8-9CDE-476B-97F5-62B4E4CE9816}.Release|ARM.ActiveCfg = Release|iPhone
		{644795C8-9CDE-476B-97F5-62B4E4CE9816}.Release|ARM.Build.0 = Release|iPhone
		{644795C8-9CDE-476B-97F5-62B4E4CE9816}.Release|ARM.Deploy.0 = Release|iPhone
		{644795C8-9CDE-476B-97F5-62B4E4CE9816}.Release|iPhone.ActiveCfg = Release|iPhone
		{644795C8-9CDE-476B-97F5-62B4E4CE9816}.Release|iPhone.Build.0 = Release|iPhone
		{644795C8-9CDE-476B-97F5-62B4E4CE9816}.Release|iPhone.Deploy.0 = Release|iPhone
		{644795C8-9CDE-476B-97F5-62B4E4CE9816}.Release|iPhoneSimulator.ActiveCfg = Release|iPhoneSimulator
		{644795C8-9CDE-476B-97F5-62B4E4CE9816}.Release|iPhoneSimulator.Build.0 = Release|iPhoneSimulator
		{644795C8-9CDE-476B-97F5-62B4E4CE9816}.Release|iPhoneSimulator.Deploy.0 = Release|iPhoneSimulator
		{644795C8-9CDE-476B-97F5-62B4E4CE9816}.Release|x64.ActiveCfg = Release|iPhone
		{644795C8-9CDE-476B-97F5-62B4E4CE9816}.Release|x64.Build.0 = Release|iPhone
		{644795C8-9CDE-476B-97F5-62B4E4CE9816}.Release|x64.Deploy.0 = Release|iPhone
		{644795C8-9CDE-476B-97F5-62B4E4CE9816}.Release|x86.ActiveCfg = Release|iPhone
		{644795C8-9CDE-476B-97F5-62B4E4CE9816}.Release|x86.Build.0 = Release|iPhone
		{644795C8-9CDE-476B-97F5-62B4E4CE9816}.Release|x86.Deploy.0 = Release|iPhone
		{231330DB-A22C-4820-AFF2-BEF31A52B80D}.Debug|Any CPU.ActiveCfg = Debug|Any CPU
		{231330DB-A22C-4820-AFF2-BEF31A52B80D}.Debug|Any CPU.Build.0 = Debug|Any CPU
		{231330DB-A22C-4820-AFF2-BEF31A52B80D}.Debug|Any CPU.Deploy.0 = Debug|Any CPU
		{231330DB-A22C-4820-AFF2-BEF31A52B80D}.Debug|ARM.ActiveCfg = Debug|Any CPU
		{231330DB-A22C-4820-AFF2-BEF31A52B80D}.Debug|ARM.Build.0 = Debug|Any CPU
		{231330DB-A22C-4820-AFF2-BEF31A52B80D}.Debug|ARM.Deploy.0 = Debug|Any CPU
		{231330DB-A22C-4820-AFF2-BEF31A52B80D}.Debug|iPhone.ActiveCfg = Debug|Any CPU
		{231330DB-A22C-4820-AFF2-BEF31A52B80D}.Debug|iPhone.Build.0 = Debug|Any CPU
		{231330DB-A22C-4820-AFF2-BEF31A52B80D}.Debug|iPhone.Deploy.0 = Debug|Any CPU
		{231330DB-A22C-4820-AFF2-BEF31A52B80D}.Debug|iPhoneSimulator.ActiveCfg = Debug|Any CPU
		{231330DB-A22C-4820-AFF2-BEF31A52B80D}.Debug|iPhoneSimulator.Build.0 = Debug|Any CPU
		{231330DB-A22C-4820-AFF2-BEF31A52B80D}.Debug|iPhoneSimulator.Deploy.0 = Debug|Any CPU
		{231330DB-A22C-4820-AFF2-BEF31A52B80D}.Debug|x64.ActiveCfg = Debug|Any CPU
		{231330DB-A22C-4820-AFF2-BEF31A52B80D}.Debug|x64.Build.0 = Debug|Any CPU
		{231330DB-A22C-4820-AFF2-BEF31A52B80D}.Debug|x64.Deploy.0 = Debug|Any CPU
		{231330DB-A22C-4820-AFF2-BEF31A52B80D}.Debug|x86.ActiveCfg = Debug|Any CPU
		{231330DB-A22C-4820-AFF2-BEF31A52B80D}.Debug|x86.Build.0 = Debug|Any CPU
		{231330DB-A22C-4820-AFF2-BEF31A52B80D}.Debug|x86.Deploy.0 = Debug|Any CPU
		{231330DB-A22C-4820-AFF2-BEF31A52B80D}.Release|Any CPU.ActiveCfg = Release|Any CPU
		{231330DB-A22C-4820-AFF2-BEF31A52B80D}.Release|Any CPU.Build.0 = Release|Any CPU
		{231330DB-A22C-4820-AFF2-BEF31A52B80D}.Release|Any CPU.Deploy.0 = Release|Any CPU
		{231330DB-A22C-4820-AFF2-BEF31A52B80D}.Release|ARM.ActiveCfg = Release|Any CPU
		{231330DB-A22C-4820-AFF2-BEF31A52B80D}.Release|ARM.Build.0 = Release|Any CPU
		{231330DB-A22C-4820-AFF2-BEF31A52B80D}.Release|ARM.Deploy.0 = Release|Any CPU
		{231330DB-A22C-4820-AFF2-BEF31A52B80D}.Release|iPhone.ActiveCfg = Release|Any CPU
		{231330DB-A22C-4820-AFF2-BEF31A52B80D}.Release|iPhone.Build.0 = Release|Any CPU
		{231330DB-A22C-4820-AFF2-BEF31A52B80D}.Release|iPhone.Deploy.0 = Release|Any CPU
		{231330DB-A22C-4820-AFF2-BEF31A52B80D}.Release|iPhoneSimulator.ActiveCfg = Release|Any CPU
		{231330DB-A22C-4820-AFF2-BEF31A52B80D}.Release|iPhoneSimulator.Build.0 = Release|Any CPU
		{231330DB-A22C-4820-AFF2-BEF31A52B80D}.Release|iPhoneSimulator.Deploy.0 = Release|Any CPU
		{231330DB-A22C-4820-AFF2-BEF31A52B80D}.Release|x64.ActiveCfg = Release|Any CPU
		{231330DB-A22C-4820-AFF2-BEF31A52B80D}.Release|x64.Build.0 = Release|Any CPU
		{231330DB-A22C-4820-AFF2-BEF31A52B80D}.Release|x64.Deploy.0 = Release|Any CPU
		{231330DB-A22C-4820-AFF2-BEF31A52B80D}.Release|x86.ActiveCfg = Release|Any CPU
		{231330DB-A22C-4820-AFF2-BEF31A52B80D}.Release|x86.Build.0 = Release|Any CPU
		{231330DB-A22C-4820-AFF2-BEF31A52B80D}.Release|x86.Deploy.0 = Release|Any CPU
		{71ED9285-0FA1-48DF-8CAB-EAC030CE4D0A}.Debug|Any CPU.ActiveCfg = Debug|Any CPU
		{71ED9285-0FA1-48DF-8CAB-EAC030CE4D0A}.Debug|Any CPU.Build.0 = Debug|Any CPU
		{71ED9285-0FA1-48DF-8CAB-EAC030CE4D0A}.Debug|ARM.ActiveCfg = Debug|Any CPU
		{71ED9285-0FA1-48DF-8CAB-EAC030CE4D0A}.Debug|ARM.Build.0 = Debug|Any CPU
		{71ED9285-0FA1-48DF-8CAB-EAC030CE4D0A}.Debug|iPhone.ActiveCfg = Debug|Any CPU
		{71ED9285-0FA1-48DF-8CAB-EAC030CE4D0A}.Debug|iPhone.Build.0 = Debug|Any CPU
		{71ED9285-0FA1-48DF-8CAB-EAC030CE4D0A}.Debug|iPhoneSimulator.ActiveCfg = Debug|Any CPU
		{71ED9285-0FA1-48DF-8CAB-EAC030CE4D0A}.Debug|iPhoneSimulator.Build.0 = Debug|Any CPU
		{71ED9285-0FA1-48DF-8CAB-EAC030CE4D0A}.Debug|x64.ActiveCfg = Debug|Any CPU
		{71ED9285-0FA1-48DF-8CAB-EAC030CE4D0A}.Debug|x64.Build.0 = Debug|Any CPU
		{71ED9285-0FA1-48DF-8CAB-EAC030CE4D0A}.Debug|x86.ActiveCfg = Debug|Any CPU
		{71ED9285-0FA1-48DF-8CAB-EAC030CE4D0A}.Debug|x86.Build.0 = Debug|Any CPU
		{71ED9285-0FA1-48DF-8CAB-EAC030CE4D0A}.Release|Any CPU.ActiveCfg = Release|Any CPU
		{71ED9285-0FA1-48DF-8CAB-EAC030CE4D0A}.Release|Any CPU.Build.0 = Release|Any CPU
		{71ED9285-0FA1-48DF-8CAB-EAC030CE4D0A}.Release|ARM.ActiveCfg = Release|Any CPU
		{71ED9285-0FA1-48DF-8CAB-EAC030CE4D0A}.Release|ARM.Build.0 = Release|Any CPU
		{71ED9285-0FA1-48DF-8CAB-EAC030CE4D0A}.Release|iPhone.ActiveCfg = Release|Any CPU
		{71ED9285-0FA1-48DF-8CAB-EAC030CE4D0A}.Release|iPhone.Build.0 = Release|Any CPU
		{71ED9285-0FA1-48DF-8CAB-EAC030CE4D0A}.Release|iPhoneSimulator.ActiveCfg = Release|Any CPU
		{71ED9285-0FA1-48DF-8CAB-EAC030CE4D0A}.Release|iPhoneSimulator.Build.0 = Release|Any CPU
		{71ED9285-0FA1-48DF-8CAB-EAC030CE4D0A}.Release|x64.ActiveCfg = Release|Any CPU
		{71ED9285-0FA1-48DF-8CAB-EAC030CE4D0A}.Release|x64.Build.0 = Release|Any CPU
		{71ED9285-0FA1-48DF-8CAB-EAC030CE4D0A}.Release|x86.ActiveCfg = Release|Any CPU
		{71ED9285-0FA1-48DF-8CAB-EAC030CE4D0A}.Release|x86.Build.0 = Release|Any CPU
	EndGlobalSection
	GlobalSection(SolutionProperties) = preSolution
		HideSolutionNode = FALSE
	EndGlobalSection
	GlobalSection(NestedProjects) = preSolution
		{DEB98C03-24C6-4842-9437-1FE4CC1A9469} = {3C224A1E-2AC3-4639-AB1E-AB11BFC3264C}
		{9952D0FC-5CA6-4715-A7E6-9D1F1FC7F0E7} = {3C224A1E-2AC3-4639-AB1E-AB11BFC3264C}
		{644795C8-9CDE-476B-97F5-62B4E4CE9816} = {3C224A1E-2AC3-4639-AB1E-AB11BFC3264C}
		{231330DB-A22C-4820-AFF2-BEF31A52B80D} = {3C224A1E-2AC3-4639-AB1E-AB11BFC3264C}
		{71ED9285-0FA1-48DF-8CAB-EAC030CE4D0A} = {3C224A1E-2AC3-4639-AB1E-AB11BFC3264C}
	EndGlobalSection
	GlobalSection(ExtensibilityGlobals) = postSolution
		SolutionGuid = {9752FA11-C59C-49AF-A52D-F9943DAFF871}
	EndGlobalSection
EndGlobal
